// !$*UTF8*$!
{
	archiveVersion = 1;
	classes = {
	};
	objectVersion = 50;
	objects = {

/* Begin PBXBuildFile section */
		1361E55325A1B31400D15583 /* AppDelegate.swift in Sources */ = {isa = PBXBuildFile; fileRef = 1361E55225A1B31400D15583 /* AppDelegate.swift */; };
		1361E55725A1B31400D15583 /* ViewController.swift in Sources */ = {isa = PBXBuildFile; fileRef = 1361E55625A1B31400D15583 /* ViewController.swift */; };
		1361E55A25A1B31400D15583 /* Main.storyboard in Resources */ = {isa = PBXBuildFile; fileRef = 1361E55825A1B31400D15583 /* Main.storyboard */; };
		1361E55C25A1B31600D15583 /* Assets.xcassets in Resources */ = {isa = PBXBuildFile; fileRef = 1361E55B25A1B31600D15583 /* Assets.xcassets */; };
		1361E55F25A1B31600D15583 /* LaunchScreen.storyboard in Resources */ = {isa = PBXBuildFile; fileRef = 1361E55D25A1B31600D15583 /* LaunchScreen.storyboard */; };
		1361E56A25A1B31800D15583 /* iOSExampleTests.swift in Sources */ = {isa = PBXBuildFile; fileRef = 1361E56925A1B31800D15583 /* iOSExampleTests.swift */; };
		1361E57525A1B31800D15583 /* iOSExampleUITests.swift in Sources */ = {isa = PBXBuildFile; fileRef = 1361E57425A1B31800D15583 /* iOSExampleUITests.swift */; };
		1373FC8C25A1B9E30069FC4F /* HttpMessenger.framework in Frameworks */ = {isa = PBXBuildFile; fileRef = 1373FC8B25A1B9E30069FC4F /* HttpMessenger.framework */; };
		1373FC8D25A1B9E30069FC4F /* HttpMessenger.framework in Embed Frameworks */ = {isa = PBXBuildFile; fileRef = 1373FC8B25A1B9E30069FC4F /* HttpMessenger.framework */; settings = {ATTRIBUTES = (CodeSignOnCopy, RemoveHeadersOnCopy, ); }; };
/* End PBXBuildFile section */

/* Begin PBXContainerItemProxy section */
		1361E56625A1B31800D15583 /* PBXContainerItemProxy */ = {
			isa = PBXContainerItemProxy;
			containerPortal = 1361E54725A1B31400D15583 /* Project object */;
			proxyType = 1;
			remoteGlobalIDString = 1361E54E25A1B31400D15583;
			remoteInfo = iOSExample;
		};
		1361E57125A1B31800D15583 /* PBXContainerItemProxy */ = {
			isa = PBXContainerItemProxy;
			containerPortal = 1361E54725A1B31400D15583 /* Project object */;
			proxyType = 1;
			remoteGlobalIDString = 1361E54E25A1B31400D15583;
			remoteInfo = iOSExample;
		};
/* End PBXContainerItemProxy section */

/* Begin PBXCopyFilesBuildPhase section */
		1373FC8E25A1B9E30069FC4F /* Embed Frameworks */ = {
			isa = PBXCopyFilesBuildPhase;
			buildActionMask = 2147483647;
			dstPath = "";
			dstSubfolderSpec = 10;
			files = (
				1373FC8D25A1B9E30069FC4F /* HttpMessenger.framework in Embed Frameworks */,
			);
			name = "Embed Frameworks";
			runOnlyForDeploymentPostprocessing = 0;
		};
/* End PBXCopyFilesBuildPhase section */

/* Begin PBXFileReference section */
		1361E54F25A1B31400D15583 /* iOSExample.app */ = {isa = PBXFileReference; explicitFileType = wrapper.application; includeInIndex = 0; path = iOSExample.app; sourceTree = BUILT_PRODUCTS_DIR; };
		1361E55225A1B31400D15583 /* AppDelegate.swift */ = {isa = PBXFileReference; lastKnownFileType = sourcecode.swift; path = AppDelegate.swift; sourceTree = "<group>"; };
		1361E55625A1B31400D15583 /* ViewController.swift */ = {isa = PBXFileReference; lastKnownFileType = sourcecode.swift; path = ViewController.swift; sourceTree = "<group>"; };
		1361E55925A1B31400D15583 /* Base */ = {isa = PBXFileReference; lastKnownFileType = file.storyboard; name = Base; path = Base.lproj/Main.storyboard; sourceTree = "<group>"; };
		1361E55B25A1B31600D15583 /* Assets.xcassets */ = {isa = PBXFileReference; lastKnownFileType = folder.assetcatalog; path = Assets.xcassets; sourceTree = "<group>"; };
		1361E55E25A1B31600D15583 /* Base */ = {isa = PBXFileReference; lastKnownFileType = file.storyboard; name = Base; path = Base.lproj/LaunchScreen.storyboard; sourceTree = "<group>"; };
		1361E56025A1B31600D15583 /* Info.plist */ = {isa = PBXFileReference; lastKnownFileType = text.plist.xml; path = Info.plist; sourceTree = "<group>"; };
		1361E56525A1B31800D15583 /* iOSExampleTests.xctest */ = {isa = PBXFileReference; explicitFileType = wrapper.cfbundle; includeInIndex = 0; path = iOSExampleTests.xctest; sourceTree = BUILT_PRODUCTS_DIR; };
		1361E56925A1B31800D15583 /* iOSExampleTests.swift */ = {isa = PBXFileReference; lastKnownFileType = sourcecode.swift; path = iOSExampleTests.swift; sourceTree = "<group>"; };
		1361E56B25A1B31800D15583 /* Info.plist */ = {isa = PBXFileReference; lastKnownFileType = text.plist.xml; path = Info.plist; sourceTree = "<group>"; };
		1361E57025A1B31800D15583 /* iOSExampleUITests.xctest */ = {isa = PBXFileReference; explicitFileType = wrapper.cfbundle; includeInIndex = 0; path = iOSExampleUITests.xctest; sourceTree = BUILT_PRODUCTS_DIR; };
		1361E57425A1B31800D15583 /* iOSExampleUITests.swift */ = {isa = PBXFileReference; lastKnownFileType = sourcecode.swift; path = iOSExampleUITests.swift; sourceTree = "<group>"; };
		1361E57625A1B31800D15583 /* Info.plist */ = {isa = PBXFileReference; lastKnownFileType = text.plist.xml; path = Info.plist; sourceTree = "<group>"; };
		1373FC4925A1B6570069FC4F /* iOSExample.entitlements */ = {isa = PBXFileReference; lastKnownFileType = text.plist.entitlements; path = iOSExample.entitlements; sourceTree = "<group>"; };
		1373FC8B25A1B9E30069FC4F /* HttpMessenger.framework */ = {isa = PBXFileReference; explicitFileType = wrapper.framework; path = HttpMessenger.framework; sourceTree = BUILT_PRODUCTS_DIR; };
/* End PBXFileReference section */

/* Begin PBXFrameworksBuildPhase section */
		1361E54C25A1B31400D15583 /* Frameworks */ = {
			isa = PBXFrameworksBuildPhase;
			buildActionMask = 2147483647;
			files = (
				1373FC8C25A1B9E30069FC4F /* HttpMessenger.framework in Frameworks */,
			);
			runOnlyForDeploymentPostprocessing = 0;
		};
		1361E56225A1B31800D15583 /* Frameworks */ = {
			isa = PBXFrameworksBuildPhase;
			buildActionMask = 2147483647;
			files = (
			);
			runOnlyForDeploymentPostprocessing = 0;
		};
		1361E56D25A1B31800D15583 /* Frameworks */ = {
			isa = PBXFrameworksBuildPhase;
			buildActionMask = 2147483647;
			files = (
			);
			runOnlyForDeploymentPostprocessing = 0;
		};
/* End PBXFrameworksBuildPhase section */

/* Begin PBXGroup section */
		1361E54625A1B31400D15583 = {
			isa = PBXGroup;
			children = (
				1361E55125A1B31400D15583 /* iOSExample */,
				1361E56825A1B31800D15583 /* iOSExampleTests */,
				1361E57325A1B31800D15583 /* iOSExampleUITests */,
				1361E55025A1B31400D15583 /* Products */,
				1373FC8A25A1B9E30069FC4F /* Frameworks */,
			);
			sourceTree = "<group>";
		};
		1361E55025A1B31400D15583 /* Products */ = {
			isa = PBXGroup;
			children = (
				1361E54F25A1B31400D15583 /* iOSExample.app */,
				1361E56525A1B31800D15583 /* iOSExampleTests.xctest */,
				1361E57025A1B31800D15583 /* iOSExampleUITests.xctest */,
			);
			name = Products;
			sourceTree = "<group>";
		};
		1361E55125A1B31400D15583 /* iOSExample */ = {
			isa = PBXGroup;
			children = (
				1373FC4925A1B6570069FC4F /* iOSExample.entitlements */,
				1361E55225A1B31400D15583 /* AppDelegate.swift */,
				1361E55625A1B31400D15583 /* ViewController.swift */,
				1361E55825A1B31400D15583 /* Main.storyboard */,
				1361E55B25A1B31600D15583 /* Assets.xcassets */,
				1361E55D25A1B31600D15583 /* LaunchScreen.storyboard */,
				1361E56025A1B31600D15583 /* Info.plist */,
			);
			path = iOSExample;
			sourceTree = "<group>";
		};
		1361E56825A1B31800D15583 /* iOSExampleTests */ = {
			isa = PBXGroup;
			children = (
				1361E56925A1B31800D15583 /* iOSExampleTests.swift */,
				1361E56B25A1B31800D15583 /* Info.plist */,
			);
			path = iOSExampleTests;
			sourceTree = "<group>";
		};
		1361E57325A1B31800D15583 /* iOSExampleUITests */ = {
			isa = PBXGroup;
			children = (
				1361E57425A1B31800D15583 /* iOSExampleUITests.swift */,
				1361E57625A1B31800D15583 /* Info.plist */,
			);
			path = iOSExampleUITests;
			sourceTree = "<group>";
		};
		1373FC8A25A1B9E30069FC4F /* Frameworks */ = {
			isa = PBXGroup;
			children = (
				1373FC8B25A1B9E30069FC4F /* HttpMessenger.framework */,
			);
			name = Frameworks;
			sourceTree = "<group>";
		};
/* End PBXGroup section */

/* Begin PBXNativeTarget section */
		1361E54E25A1B31400D15583 /* iOSExample */ = {
			isa = PBXNativeTarget;
			buildConfigurationList = 1361E57925A1B31800D15583 /* Build configuration list for PBXNativeTarget "iOSExample" */;
			buildPhases = (
				1361E54B25A1B31400D15583 /* Sources */,
				1361E54C25A1B31400D15583 /* Frameworks */,
				1361E54D25A1B31400D15583 /* Resources */,
				1373FC8E25A1B9E30069FC4F /* Embed Frameworks */,
			);
			buildRules = (
			);
			dependencies = (
			);
			name = iOSExample;
			productName = iOSExample;
			productReference = 1361E54F25A1B31400D15583 /* iOSExample.app */;
			productType = "com.apple.product-type.application";
		};
		1361E56425A1B31800D15583 /* iOSExampleTests */ = {
			isa = PBXNativeTarget;
			buildConfigurationList = 1361E57C25A1B31800D15583 /* Build configuration list for PBXNativeTarget "iOSExampleTests" */;
			buildPhases = (
				1361E56125A1B31800D15583 /* Sources */,
				1361E56225A1B31800D15583 /* Frameworks */,
				1361E56325A1B31800D15583 /* Resources */,
			);
			buildRules = (
			);
			dependencies = (
				1361E56725A1B31800D15583 /* PBXTargetDependency */,
			);
			name = iOSExampleTests;
			productName = iOSExampleTests;
			productReference = 1361E56525A1B31800D15583 /* iOSExampleTests.xctest */;
			productType = "com.apple.product-type.bundle.unit-test";
		};
		1361E56F25A1B31800D15583 /* iOSExampleUITests */ = {
			isa = PBXNativeTarget;
			buildConfigurationList = 1361E57F25A1B31800D15583 /* Build configuration list for PBXNativeTarget "iOSExampleUITests" */;
			buildPhases = (
				1361E56C25A1B31800D15583 /* Sources */,
				1361E56D25A1B31800D15583 /* Frameworks */,
				1361E56E25A1B31800D15583 /* Resources */,
			);
			buildRules = (
			);
			dependencies = (
				1361E57225A1B31800D15583 /* PBXTargetDependency */,
			);
			name = iOSExampleUITests;
			productName = iOSExampleUITests;
			productReference = 1361E57025A1B31800D15583 /* iOSExampleUITests.xctest */;
			productType = "com.apple.product-type.bundle.ui-testing";
		};
/* End PBXNativeTarget section */

/* Begin PBXProject section */
		1361E54725A1B31400D15583 /* Project object */ = {
			isa = PBXProject;
			attributes = {
				LastSwiftUpdateCheck = 1220;
				LastUpgradeCheck = 1220;
				TargetAttributes = {
					1361E54E25A1B31400D15583 = {
						CreatedOnToolsVersion = 12.2;
					};
					1361E56425A1B31800D15583 = {
						CreatedOnToolsVersion = 12.2;
						TestTargetID = 1361E54E25A1B31400D15583;
					};
					1361E56F25A1B31800D15583 = {
						CreatedOnToolsVersion = 12.2;
						TestTargetID = 1361E54E25A1B31400D15583;
					};
				};
			};
			buildConfigurationList = 1361E54A25A1B31400D15583 /* Build configuration list for PBXProject "iOSExample" */;
			compatibilityVersion = "Xcode 9.3";
			developmentRegion = en;
			hasScannedForEncodings = 0;
			knownRegions = (
				en,
				Base,
			);
			mainGroup = 1361E54625A1B31400D15583;
			productRefGroup = 1361E55025A1B31400D15583 /* Products */;
			projectDirPath = "";
			projectRoot = "";
			targets = (
				1361E54E25A1B31400D15583 /* iOSExample */,
				1361E56425A1B31800D15583 /* iOSExampleTests */,
				1361E56F25A1B31800D15583 /* iOSExampleUITests */,
			);
		};
/* End PBXProject section */

/* Begin PBXResourcesBuildPhase section */
		1361E54D25A1B31400D15583 /* Resources */ = {
			isa = PBXResourcesBuildPhase;
			buildActionMask = 2147483647;
			files = (
				1361E55F25A1B31600D15583 /* LaunchScreen.storyboard in Resources */,
				1361E55C25A1B31600D15583 /* Assets.xcassets in Resources */,
				1361E55A25A1B31400D15583 /* Main.storyboard in Resources */,
			);
			runOnlyForDeploymentPostprocessing = 0;
		};
		1361E56325A1B31800D15583 /* Resources */ = {
			isa = PBXResourcesBuildPhase;
			buildActionMask = 2147483647;
			files = (
			);
			runOnlyForDeploymentPostprocessing = 0;
		};
		1361E56E25A1B31800D15583 /* Resources */ = {
			isa = PBXResourcesBuildPhase;
			buildActionMask = 2147483647;
			files = (
			);
			runOnlyForDeploymentPostprocessing = 0;
		};
/* End PBXResourcesBuildPhase section */

/* Begin PBXSourcesBuildPhase section */
		1361E54B25A1B31400D15583 /* Sources */ = {
			isa = PBXSourcesBuildPhase;
			buildActionMask = 2147483647;
			files = (
				1361E55725A1B31400D15583 /* ViewController.swift in Sources */,
				1361E55325A1B31400D15583 /* AppDelegate.swift in Sources */,
			);
			runOnlyForDeploymentPostprocessing = 0;
		};
		1361E56125A1B31800D15583 /* Sources */ = {
			isa = PBXSourcesBuildPhase;
			buildActionMask = 2147483647;
			files = (
				1361E56A25A1B31800D15583 /* iOSExampleTests.swift in Sources */,
			);
			runOnlyForDeploymentPostprocessing = 0;
		};
		1361E56C25A1B31800D15583 /* Sources */ = {
			isa = PBXSourcesBuildPhase;
			buildActionMask = 2147483647;
			files = (
				1361E57525A1B31800D15583 /* iOSExampleUITests.swift in Sources */,
			);
			runOnlyForDeploymentPostprocessing = 0;
		};
/* End PBXSourcesBuildPhase section */

/* Begin PBXTargetDependency section */
		1361E56725A1B31800D15583 /* PBXTargetDependency */ = {
			isa = PBXTargetDependency;
			target = 1361E54E25A1B31400D15583 /* iOSExample */;
			targetProxy = 1361E56625A1B31800D15583 /* PBXContainerItemProxy */;
		};
		1361E57225A1B31800D15583 /* PBXTargetDependency */ = {
			isa = PBXTargetDependency;
			target = 1361E54E25A1B31400D15583 /* iOSExample */;
			targetProxy = 1361E57125A1B31800D15583 /* PBXContainerItemProxy */;
		};
/* End PBXTargetDependency section */

/* Begin PBXVariantGroup section */
		1361E55825A1B31400D15583 /* Main.storyboard */ = {
			isa = PBXVariantGroup;
			children = (
				1361E55925A1B31400D15583 /* Base */,
			);
			name = Main.storyboard;
			sourceTree = "<group>";
		};
		1361E55D25A1B31600D15583 /* LaunchScreen.storyboard */ = {
			isa = PBXVariantGroup;
			children = (
				1361E55E25A1B31600D15583 /* Base */,
			);
			name = LaunchScreen.storyboard;
			sourceTree = "<group>";
		};
/* End PBXVariantGroup section */

/* Begin XCBuildConfiguration section */
		1361E57725A1B31800D15583 /* Debug */ = {
			isa = XCBuildConfiguration;
			buildSettings = {
				ALWAYS_SEARCH_USER_PATHS = NO;
				CLANG_ANALYZER_NONNULL = YES;
				CLANG_ANALYZER_NUMBER_OBJECT_CONVERSION = YES_AGGRESSIVE;
				CLANG_CXX_LANGUAGE_STANDARD = "gnu++14";
				CLANG_CXX_LIBRARY = "libc++";
				CLANG_ENABLE_MODULES = YES;
				CLANG_ENABLE_OBJC_ARC = YES;
				CLANG_ENABLE_OBJC_WEAK = YES;
				CLANG_WARN_BLOCK_CAPTURE_AUTORELEASING = YES;
				CLANG_WARN_BOOL_CONVERSION = YES;
				CLANG_WARN_COMMA = YES;
				CLANG_WARN_CONSTANT_CONVERSION = YES;
				CLANG_WARN_DEPRECATED_OBJC_IMPLEMENTATIONS = YES;
				CLANG_WARN_DIRECT_OBJC_ISA_USAGE = YES_ERROR;
				CLANG_WARN_DOCUMENTATION_COMMENTS = YES;
				CLANG_WARN_EMPTY_BODY = YES;
				CLANG_WARN_ENUM_CONVERSION = YES;
				CLANG_WARN_INFINITE_RECURSION = YES;
				CLANG_WARN_INT_CONVERSION = YES;
				CLANG_WARN_NON_LITERAL_NULL_CONVERSION = YES;
				CLANG_WARN_OBJC_IMPLICIT_RETAIN_SELF = YES;
				CLANG_WARN_OBJC_LITERAL_CONVERSION = YES;
				CLANG_WARN_OBJC_ROOT_CLASS = YES_ERROR;
				CLANG_WARN_QUOTED_INCLUDE_IN_FRAMEWORK_HEADER = YES;
				CLANG_WARN_RANGE_LOOP_ANALYSIS = YES;
				CLANG_WARN_STRICT_PROTOTYPES = YES;
				CLANG_WARN_SUSPICIOUS_MOVE = YES;
				CLANG_WARN_UNGUARDED_AVAILABILITY = YES_AGGRESSIVE;
				CLANG_WARN_UNREACHABLE_CODE = YES;
				CLANG_WARN__DUPLICATE_METHOD_MATCH = YES;
				COPY_PHASE_STRIP = NO;
				DEBUG_INFORMATION_FORMAT = dwarf;
				ENABLE_STRICT_OBJC_MSGSEND = YES;
				ENABLE_TESTABILITY = YES;
				GCC_C_LANGUAGE_STANDARD = gnu11;
				GCC_DYNAMIC_NO_PIC = NO;
				GCC_NO_COMMON_BLOCKS = YES;
				GCC_OPTIMIZATION_LEVEL = 0;
				GCC_PREPROCESSOR_DEFINITIONS = (
					"DEBUG=1",
					"$(inherited)",
				);
				GCC_WARN_64_TO_32_BIT_CONVERSION = YES;
				GCC_WARN_ABOUT_RETURN_TYPE = YES_ERROR;
				GCC_WARN_UNDECLARED_SELECTOR = YES;
				GCC_WARN_UNINITIALIZED_AUTOS = YES_AGGRESSIVE;
				GCC_WARN_UNUSED_FUNCTION = YES;
				GCC_WARN_UNUSED_VARIABLE = YES;
				IPHONEOS_DEPLOYMENT_TARGET = 10.0;
				MTL_ENABLE_DEBUG_INFO = INCLUDE_SOURCE;
				MTL_FAST_MATH = YES;
				ONLY_ACTIVE_ARCH = YES;
				SDKROOT = iphoneos;
				SWIFT_ACTIVE_COMPILATION_CONDITIONS = DEBUG;
				SWIFT_OPTIMIZATION_LEVEL = "-Onone";
			};
			name = Debug;
		};
		1361E57825A1B31800D15583 /* Release */ = {
			isa = XCBuildConfiguration;
			buildSettings = {
				ALWAYS_SEARCH_USER_PATHS = NO;
				CLANG_ANALYZER_NONNULL = YES;
				CLANG_ANALYZER_NUMBER_OBJECT_CONVERSION = YES_AGGRESSIVE;
				CLANG_CXX_LANGUAGE_STANDARD = "gnu++14";
				CLANG_CXX_LIBRARY = "libc++";
				CLANG_ENABLE_MODULES = YES;
				CLANG_ENABLE_OBJC_ARC = YES;
				CLANG_ENABLE_OBJC_WEAK = YES;
				CLANG_WARN_BLOCK_CAPTURE_AUTORELEASING = YES;
				CLANG_WARN_BOOL_CONVERSION = YES;
				CLANG_WARN_COMMA = YES;
				CLANG_WARN_CONSTANT_CONVERSION = YES;
				CLANG_WARN_DEPRECATED_OBJC_IMPLEMENTATIONS = YES;
				CLANG_WARN_DIRECT_OBJC_ISA_USAGE = YES_ERROR;
				CLANG_WARN_DOCUMENTATION_COMMENTS = YES;
				CLANG_WARN_EMPTY_BODY = YES;
				CLANG_WARN_ENUM_CONVERSION = YES;
				CLANG_WARN_INFINITE_RECURSION = YES;
				CLANG_WARN_INT_CONVERSION = YES;
				CLANG_WARN_NON_LITERAL_NULL_CONVERSION = YES;
				CLANG_WARN_OBJC_IMPLICIT_RETAIN_SELF = YES;
				CLANG_WARN_OBJC_LITERAL_CONVERSION = YES;
				CLANG_WARN_OBJC_ROOT_CLASS = YES_ERROR;
				CLANG_WARN_QUOTED_INCLUDE_IN_FRAMEWORK_HEADER = YES;
				CLANG_WARN_RANGE_LOOP_ANALYSIS = YES;
				CLANG_WARN_STRICT_PROTOTYPES = YES;
				CLANG_WARN_SUSPICIOUS_MOVE = YES;
				CLANG_WARN_UNGUARDED_AVAILABILITY = YES_AGGRESSIVE;
				CLANG_WARN_UNREACHABLE_CODE = YES;
				CLANG_WARN__DUPLICATE_METHOD_MATCH = YES;
				COPY_PHASE_STRIP = NO;
				DEBUG_INFORMATION_FORMAT = "dwarf-with-dsym";
				ENABLE_NS_ASSERTIONS = NO;
				ENABLE_STRICT_OBJC_MSGSEND = YES;
				GCC_C_LANGUAGE_STANDARD = gnu11;
				GCC_NO_COMMON_BLOCKS = YES;
				GCC_WARN_64_TO_32_BIT_CONVERSION = YES;
				GCC_WARN_ABOUT_RETURN_TYPE = YES_ERROR;
				GCC_WARN_UNDECLARED_SELECTOR = YES;
				GCC_WARN_UNINITIALIZED_AUTOS = YES_AGGRESSIVE;
				GCC_WARN_UNUSED_FUNCTION = YES;
				GCC_WARN_UNUSED_VARIABLE = YES;
				IPHONEOS_DEPLOYMENT_TARGET = 10.0;
				MTL_ENABLE_DEBUG_INFO = NO;
				MTL_FAST_MATH = YES;
				SDKROOT = iphoneos;
				SWIFT_COMPILATION_MODE = wholemodule;
				SWIFT_OPTIMIZATION_LEVEL = "-O";
				VALIDATE_PRODUCT = YES;
			};
			name = Release;
		};
		1361E57A25A1B31800D15583 /* Debug */ = {
			isa = XCBuildConfiguration;
			buildSettings = {
				ASSETCATALOG_COMPILER_APPICON_NAME = AppIcon;
				ASSETCATALOG_COMPILER_GLOBAL_ACCENT_COLOR_NAME = AccentColor;
				CODE_SIGN_ENTITLEMENTS = iOSExample/iOSExample.entitlements;
				CODE_SIGN_STYLE = Automatic;
				DEVELOPMENT_TEAM = "";
				INFOPLIST_FILE = iOSExample/Info.plist;
				IPHONEOS_DEPLOYMENT_TARGET = 11.0;
				LD_RUNPATH_SEARCH_PATHS = (
					"$(inherited)",
					"@executable_path/Frameworks",
				);
				PRODUCT_BUNDLE_IDENTIFIER = jp.co.yuto.iOSExample;
				PRODUCT_NAME = "$(TARGET_NAME)";
				SUPPORTS_MACCATALYST = NO;
				SWIFT_VERSION = 5.0;
				TARGETED_DEVICE_FAMILY = "1,2";
			};
			name = Debug;
		};
		1361E57B25A1B31800D15583 /* Release */ = {
			isa = XCBuildConfiguration;
			buildSettings = {
				ASSETCATALOG_COMPILER_APPICON_NAME = AppIcon;
				ASSETCATALOG_COMPILER_GLOBAL_ACCENT_COLOR_NAME = AccentColor;
				CODE_SIGN_ENTITLEMENTS = iOSExample/iOSExample.entitlements;
				CODE_SIGN_STYLE = Automatic;
				DEVELOPMENT_TEAM = "";
				INFOPLIST_FILE = iOSExample/Info.plist;
				IPHONEOS_DEPLOYMENT_TARGET = 11.0;
				LD_RUNPATH_SEARCH_PATHS = (
					"$(inherited)",
					"@executable_path/Frameworks",
				);
				PRODUCT_BUNDLE_IDENTIFIER = jp.co.yuto.iOSExample;
				PRODUCT_NAME = "$(TARGET_NAME)";
				SUPPORTS_MACCATALYST = NO;
				SWIFT_VERSION = 5.0;
				TARGETED_DEVICE_FAMILY = "1,2";
			};
			name = Release;
		};
		1361E57D25A1B31800D15583 /* Debug */ = {
			isa = XCBuildConfiguration;
			buildSettings = {
				ALWAYS_EMBED_SWIFT_STANDARD_LIBRARIES = YES;
				BUNDLE_LOADER = "$(TEST_HOST)";
				CODE_SIGN_STYLE = Automatic;
				DEVELOPMENT_TEAM = 29S878CK29;
				INFOPLIST_FILE = iOSExampleTests/Info.plist;
				IPHONEOS_DEPLOYMENT_TARGET = 14.2;
				LD_RUNPATH_SEARCH_PATHS = (
					"$(inherited)",
					"@executable_path/Frameworks",
					"@loader_path/Frameworks",
				);
				PRODUCT_BUNDLE_IDENTIFIER = jp.co.yuto.iOSExampleTests;
				PRODUCT_NAME = "$(TARGET_NAME)";
				SWIFT_VERSION = 5.0;
				TARGETED_DEVICE_FAMILY = "1,2";
				TEST_HOST = "$(BUILT_PRODUCTS_DIR)/iOSExample.app/iOSExample";
			};
			name = Debug;
		};
		1361E57E25A1B31800D15583 /* Release */ = {
			isa = XCBuildConfiguration;
			buildSettings = {
				ALWAYS_EMBED_SWIFT_STANDARD_LIBRARIES = YES;
				BUNDLE_LOADER = "$(TEST_HOST)";
				CODE_SIGN_STYLE = Automatic;
				DEVELOPMENT_TEAM = 29S878CK29;
				INFOPLIST_FILE = iOSExampleTests/Info.plist;
				IPHONEOS_DEPLOYMENT_TARGET = 14.2;
				LD_RUNPATH_SEARCH_PATHS = (
					"$(inherited)",
					"@executable_path/Frameworks",
					"@loader_path/Frameworks",
				);
				PRODUCT_BUNDLE_IDENTIFIER = jp.co.yuto.iOSExampleTests;
				PRODUCT_NAME = "$(TARGET_NAME)";
				SWIFT_VERSION = 5.0;
				TARGETED_DEVICE_FAMILY = "1,2";
				TEST_HOST = "$(BUILT_PRODUCTS_DIR)/iOSExample.app/iOSExample";
			};
			name = Release;
		};
		1361E58025A1B31800D15583 /* Debug */ = {
			isa = XCBuildConfiguration;
			buildSettings = {
				ALWAYS_EMBED_SWIFT_STANDARD_LIBRARIES = YES;
				CODE_SIGN_STYLE = Automatic;
				DEVELOPMENT_TEAM = 29S878CK29;
				INFOPLIST_FILE = iOSExampleUITests/Info.plist;
				LD_RUNPATH_SEARCH_PATHS = (
					"$(inherited)",
					"@executable_path/Frameworks",
					"@loader_path/Frameworks",
				);
				PRODUCT_BUNDLE_IDENTIFIER = jp.co.yuto.iOSExampleUITests;
				PRODUCT_NAME = "$(TARGET_NAME)";
				SWIFT_VERSION = 5.0;
				TARGETED_DEVICE_FAMILY = "1,2";
				TEST_TARGET_NAME = iOSExample;
			};
			name = Debug;
		};
		1361E58125A1B31800D15583 /* Release */ = {
			isa = XCBuildConfiguration;
			buildSettings = {
				ALWAYS_EMBED_SWIFT_STANDARD_LIBRARIES = YES;
				CODE_SIGN_STYLE = Automatic;
				DEVELOPMENT_TEAM = 29S878CK29;
				INFOPLIST_FILE = iOSExampleUITests/Info.plist;
				LD_RUNPATH_SEARCH_PATHS = (
					"$(inherited)",
					"@executable_path/Frameworks",
					"@loader_path/Frameworks",
				);
				PRODUCT_BUNDLE_IDENTIFIER = jp.co.yuto.iOSExampleUITests;
				PRODUCT_NAME = "$(TARGET_NAME)";
				SWIFT_VERSION = 5.0;
				TARGETED_DEVICE_FAMILY = "1,2";
				TEST_TARGET_NAME = iOSExample;
			};
			name = Release;
		};
/* End XCBuildConfiguration section */

/* Begin XCConfigurationList section */
		1361E54A25A1B31400D15583 /* Build configuration list for PBXProject "iOSExample" */ = {
			isa = XCConfigurationList;
			buildConfigurations = (
				1361E57725A1B31800D15583 /* Debug */,
				1361E57825A1B31800D15583 /* Release */,
			);
			defaultConfigurationIsVisible = 0;
			defaultConfigurationName = Release;
		};
		1361E57925A1B31800D15583 /* Build configuration list for PBXNativeTarget "iOSExample" */ = {
			isa = XCConfigurationList;
			buildConfigurations = (
				1361E57A25A1B31800D15583 /* Debug */,
				1361E57B25A1B31800D15583 /* Release */,
			);
			defaultConfigurationIsVisible = 0;
			defaultConfigurationName = Release;
		};
		1361E57C25A1B31800D15583 /* Build configuration list for PBXNativeTarget "iOSExampleTests" */ = {
			isa = XCConfigurationList;
			buildConfigurations = (
				1361E57D25A1B31800D15583 /* Debug */,
				1361E57E25A1B31800D15583 /* Release */,
			);
			defaultConfigurationIsVisible = 0;
			defaultConfigurationName = Release;
		};
		1361E57F25A1B31800D15583 /* Build configuration list for PBXNativeTarget "iOSExampleUITests" */ = {
			isa = XCConfigurationList;
			buildConfigurations = (
				1361E58025A1B31800D15583 /* Debug */,
				1361E58125A1B31800D15583 /* Release */,
			);
			defaultConfigurationIsVisible = 0;
			defaultConfigurationName = Release;
		};
/* End XCConfigurationList section */
	};
	rootObject = 1361E54725A1B31400D15583 /* Project object */;
}
